
Microsoft Visual Studio Solution File, Format Version 12.00
# Visual Studio Version 17
VisualStudioVersion = 17.11.35312.102
MinimumVisualStudioVersion = 10.0.40219.1
Project("{888888A0-9F3D-457C-B088-3A5042F75D52}") = "lec11", "lec11.pyproj", "{A5EBCC87-EEC6-4085-8C51-0638A7E02DE3}"
EndProject
Global
	GlobalSection(SolutionConfigurationPlatforms) = preSolution
		Debug|Any CPU = Debug|Any CPU
		Release|Any CPU = Release|Any CPU
	EndGlobalSection
	GlobalSection(ProjectConfigurationPlatforms) = postSolution
		{A5EBCC87-EEC6-4085-8C51-0638A7E02DE3}.Debug|Any CPU.ActiveCfg = Debug|Any CPU
		{A5EBCC87-EEC6-4085-8C51-0638A7E02DE3}.Release|Any CPU.ActiveCfg = Release|Any CPU
	EndGlobalSection
	GlobalSection(SolutionProperties) = preSolution
		HideSolutionNode = FALSE
	EndGlobalSection
	GlobalSection(ExtensibilityGlobals) = postSolution
		SolutionGuid = {86D19EB9-9D3E-44EF-A1FC-FAC6CD636FDD}
	EndGlobalSection
EndGlobal
