
Microsoft Visual Studio Solution File, Format Version 12.00
# Visual Studio Version 17
VisualStudioVersion = 17.11.35312.102
MinimumVisualStudioVersion = 10.0.40219.1
Project("{888888A0-9F3D-457C-B088-3A5042F75D52}") = "lec10", "lec10.pyproj", "{1E232EA2-6440-4C01-B322-27AEE5DFA37C}"
EndProject
Global
	GlobalSection(SolutionConfigurationPlatforms) = preSolution
		Debug|Any CPU = Debug|Any CPU
		Release|Any CPU = Release|Any CPU
	EndGlobalSection
	GlobalSection(ProjectConfigurationPlatforms) = postSolution
		{1E232EA2-6440-4C01-B322-27AEE5DFA37C}.Debug|Any CPU.ActiveCfg = Debug|Any CPU
		{1E232EA2-6440-4C01-B322-27AEE5DFA37C}.Release|Any CPU.ActiveCfg = Release|Any CPU
	EndGlobalSection
	GlobalSection(SolutionProperties) = preSolution
		HideSolutionNode = FALSE
	EndGlobalSection
	GlobalSection(ExtensibilityGlobals) = postSolution
		SolutionGuid = {E911DC00-08A1-4282-A235-68F136E64914}
	EndGlobalSection
EndGlobal
